// !$*UTF8*$!
{
	archiveVersion = 1;
	classes = {
	};
	objectVersion = 56;
	objects = {

/* Begin PBXBuildFile section */
		49E1AB2F29F55B1D0057CCE0 /* AppCoordinator.swift in Sources */ = {isa = PBXBuildFile; fileRef = 49E1AB2E29F55B1D0057CCE0 /* AppCoordinator.swift */; };
		49E1AB3129F55B8D0057CCE0 /* StartViewController.swift in Sources */ = {isa = PBXBuildFile; fileRef = 49E1AB3029F55B8D0057CCE0 /* StartViewController.swift */; };
		49E1AB3329F59AF30057CCE0 /* StartCoordinator.swift in Sources */ = {isa = PBXBuildFile; fileRef = 49E1AB3229F59AF30057CCE0 /* StartCoordinator.swift */; };
		49E1AB3729F59FB80057CCE0 /* SnapKit in Frameworks */ = {isa = PBXBuildFile; productRef = 49E1AB3629F59FB80057CCE0 /* SnapKit */; };
		49E1AB3B29F5A8100057CCE0 /* UIColor+AppColors.swift in Sources */ = {isa = PBXBuildFile; fileRef = 49E1AB3A29F5A8100057CCE0 /* UIColor+AppColors.swift */; };
		49E1AB4029F5B1130057CCE0 /* StartPresenter.swift in Sources */ = {isa = PBXBuildFile; fileRef = 49E1AB3F29F5B1130057CCE0 /* StartPresenter.swift */; };
		49E1AB4229F5B2350057CCE0 /* StartProtocols.swift in Sources */ = {isa = PBXBuildFile; fileRef = 49E1AB4129F5B2350057CCE0 /* StartProtocols.swift */; };
		49E1AB4529F5B44D0057CCE0 /* GameViewController.swift in Sources */ = {isa = PBXBuildFile; fileRef = 49E1AB4429F5B44D0057CCE0 /* GameViewController.swift */; };
		49E1AB4929F5B4760057CCE0 /* GameCoordinator.swift in Sources */ = {isa = PBXBuildFile; fileRef = 49E1AB4829F5B4760057CCE0 /* GameCoordinator.swift */; };
		49EBABA829F5268C0028C802 /* AppDelegate.swift in Sources */ = {isa = PBXBuildFile; fileRef = 49EBABA729F5268C0028C802 /* AppDelegate.swift */; };
		49EBABAA29F5268C0028C802 /* SceneDelegate.swift in Sources */ = {isa = PBXBuildFile; fileRef = 49EBABA929F5268C0028C802 /* SceneDelegate.swift */; };
		49EBABB129F5268C0028C802 /* Assets.xcassets in Resources */ = {isa = PBXBuildFile; fileRef = 49EBABB029F5268C0028C802 /* Assets.xcassets */; };
		49EBABB429F5268C0028C802 /* LaunchScreen.storyboard in Resources */ = {isa = PBXBuildFile; fileRef = 49EBABB229F5268C0028C802 /* LaunchScreen.storyboard */; };
		49EBABC029F5565A0028C802 /* Coordinator.swift in Sources */ = {isa = PBXBuildFile; fileRef = 49EBABBF29F5565A0028C802 /* Coordinator.swift */; };
		49EBABC229F557940028C802 /* BaseCoordinator.swift in Sources */ = {isa = PBXBuildFile; fileRef = 49EBABC129F557940028C802 /* BaseCoordinator.swift */; };
/* End PBXBuildFile section */

/* Begin PBXFileReference section */
		49E1AB2E29F55B1D0057CCE0 /* AppCoordinator.swift */ = {isa = PBXFileReference; lastKnownFileType = sourcecode.swift; path = AppCoordinator.swift; sourceTree = "<group>"; };
		49E1AB3029F55B8D0057CCE0 /* StartViewController.swift */ = {isa = PBXFileReference; lastKnownFileType = sourcecode.swift; path = StartViewController.swift; sourceTree = "<group>"; };
		49E1AB3229F59AF30057CCE0 /* StartCoordinator.swift */ = {isa = PBXFileReference; lastKnownFileType = sourcecode.swift; path = StartCoordinator.swift; sourceTree = "<group>"; };
		49E1AB3A29F5A8100057CCE0 /* UIColor+AppColors.swift */ = {isa = PBXFileReference; lastKnownFileType = sourcecode.swift; path = "UIColor+AppColors.swift"; sourceTree = "<group>"; };
		49E1AB3F29F5B1130057CCE0 /* StartPresenter.swift */ = {isa = PBXFileReference; lastKnownFileType = sourcecode.swift; path = StartPresenter.swift; sourceTree = "<group>"; };
		49E1AB4129F5B2350057CCE0 /* StartProtocols.swift */ = {isa = PBXFileReference; lastKnownFileType = sourcecode.swift; path = StartProtocols.swift; sourceTree = "<group>"; };
		49E1AB4429F5B44D0057CCE0 /* GameViewController.swift */ = {isa = PBXFileReference; lastKnownFileType = sourcecode.swift; path = GameViewController.swift; sourceTree = "<group>"; };
		49E1AB4829F5B4760057CCE0 /* GameCoordinator.swift */ = {isa = PBXFileReference; lastKnownFileType = sourcecode.swift; path = GameCoordinator.swift; sourceTree = "<group>"; };
		49EBABA429F5268C0028C802 /* WhackAMole.app */ = {isa = PBXFileReference; explicitFileType = wrapper.application; includeInIndex = 0; path = WhackAMole.app; sourceTree = BUILT_PRODUCTS_DIR; };
		49EBABA729F5268C0028C802 /* AppDelegate.swift */ = {isa = PBXFileReference; lastKnownFileType = sourcecode.swift; path = AppDelegate.swift; sourceTree = "<group>"; };
		49EBABA929F5268C0028C802 /* SceneDelegate.swift */ = {isa = PBXFileReference; lastKnownFileType = sourcecode.swift; path = SceneDelegate.swift; sourceTree = "<group>"; };
		49EBABB029F5268C0028C802 /* Assets.xcassets */ = {isa = PBXFileReference; lastKnownFileType = folder.assetcatalog; path = Assets.xcassets; sourceTree = "<group>"; };
		49EBABB329F5268C0028C802 /* Base */ = {isa = PBXFileReference; lastKnownFileType = file.storyboard; name = Base; path = Base.lproj/LaunchScreen.storyboard; sourceTree = "<group>"; };
		49EBABB529F5268C0028C802 /* Info.plist */ = {isa = PBXFileReference; lastKnownFileType = text.plist.xml; path = Info.plist; sourceTree = "<group>"; };
		49EBABBF29F5565A0028C802 /* Coordinator.swift */ = {isa = PBXFileReference; lastKnownFileType = sourcecode.swift; path = Coordinator.swift; sourceTree = "<group>"; };
		49EBABC129F557940028C802 /* BaseCoordinator.swift */ = {isa = PBXFileReference; lastKnownFileType = sourcecode.swift; path = BaseCoordinator.swift; sourceTree = "<group>"; };
/* End PBXFileReference section */

/* Begin PBXFrameworksBuildPhase section */
		49EBABA129F5268C0028C802 /* Frameworks */ = {
			isa = PBXFrameworksBuildPhase;
			buildActionMask = 2147483647;
			files = (
				49E1AB3729F59FB80057CCE0 /* SnapKit in Frameworks */,
			);
			runOnlyForDeploymentPostprocessing = 0;
		};
/* End PBXFrameworksBuildPhase section */

/* Begin PBXGroup section */
		49E1AB2D29F55A880057CCE0 /* Scenes */ = {
			isa = PBXGroup;
			children = (
				49E1AB2E29F55B1D0057CCE0 /* AppCoordinator.swift */,
				49EBABBD29F556380028C802 /* Start */,
				49E1AB4329F5B43B0057CCE0 /* Game */,
			);
			path = Scenes;
			sourceTree = "<group>";
		};
		49E1AB3829F59FE10057CCE0 /* View */ = {
			isa = PBXGroup;
			children = (
				49E1AB3029F55B8D0057CCE0 /* StartViewController.swift */,
			);
			path = View;
			sourceTree = "<group>";
		};
		49E1AB3929F5A7FE0057CCE0 /* Extensions */ = {
			isa = PBXGroup;
			children = (
				49E1AB3A29F5A8100057CCE0 /* UIColor+AppColors.swift */,
			);
			path = Extensions;
			sourceTree = "<group>";
		};
		49E1AB3E29F5B0FA0057CCE0 /* Presenter */ = {
			isa = PBXGroup;
			children = (
				49E1AB3F29F5B1130057CCE0 /* StartPresenter.swift */,
			);
			path = Presenter;
			sourceTree = "<group>";
		};
		49E1AB4329F5B43B0057CCE0 /* Game */ = {
			isa = PBXGroup;
			children = (
				49E1AB4629F5B4500057CCE0 /* View */,
				49E1AB4729F5B45A0057CCE0 /* Presenter */,
				49E1AB4829F5B4760057CCE0 /* GameCoordinator.swift */,
			);
			path = Game;
			sourceTree = "<group>";
		};
		49E1AB4629F5B4500057CCE0 /* View */ = {
			isa = PBXGroup;
			children = (
				49E1AB4429F5B44D0057CCE0 /* GameViewController.swift */,
			);
			path = View;
			sourceTree = "<group>";
		};
		49E1AB4729F5B45A0057CCE0 /* Presenter */ = {
			isa = PBXGroup;
			children = (
			);
			path = Presenter;
			sourceTree = "<group>";
		};
		49EBAB9B29F5268C0028C802 = {
			isa = PBXGroup;
			children = (
				49EBABA629F5268C0028C802 /* WhackAMole */,
				49EBABA529F5268C0028C802 /* Products */,
			);
			sourceTree = "<group>";
		};
		49EBABA529F5268C0028C802 /* Products */ = {
			isa = PBXGroup;
			children = (
				49EBABA429F5268C0028C802 /* WhackAMole.app */,
			);
			name = Products;
			sourceTree = "<group>";
		};
		49EBABA629F5268C0028C802 /* WhackAMole */ = {
			isa = PBXGroup;
			children = (
				49E1AB3929F5A7FE0057CCE0 /* Extensions */,
				49E1AB2D29F55A880057CCE0 /* Scenes */,
				49EBABBE29F5564C0028C802 /* Protocols */,
				49EBABBB29F556200028C802 /* Application */,
				49EBABBC29F556330028C802 /* Base */,
				49EBABB029F5268C0028C802 /* Assets.xcassets */,
				49EBABB229F5268C0028C802 /* LaunchScreen.storyboard */,
				49EBABB529F5268C0028C802 /* Info.plist */,
			);
			path = WhackAMole;
			sourceTree = "<group>";
		};
		49EBABBB29F556200028C802 /* Application */ = {
			isa = PBXGroup;
			children = (
				49EBABA729F5268C0028C802 /* AppDelegate.swift */,
				49EBABA929F5268C0028C802 /* SceneDelegate.swift */,
			);
			path = Application;
			sourceTree = "<group>";
		};
		49EBABBC29F556330028C802 /* Base */ = {
			isa = PBXGroup;
			children = (
				49EBABC129F557940028C802 /* BaseCoordinator.swift */,
			);
			path = Base;
			sourceTree = "<group>";
		};
		49EBABBD29F556380028C802 /* Start */ = {
			isa = PBXGroup;
			children = (
				49E1AB3829F59FE10057CCE0 /* View */,
				49E1AB3E29F5B0FA0057CCE0 /* Presenter */,
				49E1AB3229F59AF30057CCE0 /* StartCoordinator.swift */,
				49E1AB4129F5B2350057CCE0 /* StartProtocols.swift */,
			);
			path = Start;
			sourceTree = "<group>";
		};
		49EBABBE29F5564C0028C802 /* Protocols */ = {
			isa = PBXGroup;
			children = (
				49EBABBF29F5565A0028C802 /* Coordinator.swift */,
			);
			path = Protocols;
			sourceTree = "<group>";
		};
/* End PBXGroup section */

/* Begin PBXNativeTarget section */
		49EBABA329F5268C0028C802 /* WhackAMole */ = {
			isa = PBXNativeTarget;
			buildConfigurationList = 49EBABB829F5268C0028C802 /* Build configuration list for PBXNativeTarget "WhackAMole" */;
			buildPhases = (
				49EBABA029F5268C0028C802 /* Sources */,
				49EBABA129F5268C0028C802 /* Frameworks */,
				49EBABA229F5268C0028C802 /* Resources */,
			);
			buildRules = (
			);
			dependencies = (
			);
			name = WhackAMole;
			packageProductDependencies = (
				49E1AB3629F59FB80057CCE0 /* SnapKit */,
			);
			productName = WhackAMole;
			productReference = 49EBABA429F5268C0028C802 /* WhackAMole.app */;
			productType = "com.apple.product-type.application";
		};
/* End PBXNativeTarget section */

/* Begin PBXProject section */
		49EBAB9C29F5268C0028C802 /* Project object */ = {
			isa = PBXProject;
			attributes = {
				BuildIndependentTargetsInParallel = 1;
				LastSwiftUpdateCheck = 1430;
				LastUpgradeCheck = 1430;
				TargetAttributes = {
					49EBABA329F5268C0028C802 = {
						CreatedOnToolsVersion = 14.3;
					};
				};
			};
			buildConfigurationList = 49EBAB9F29F5268C0028C802 /* Build configuration list for PBXProject "WhackAMole" */;
			compatibilityVersion = "Xcode 14.0";
			developmentRegion = en;
			hasScannedForEncodings = 0;
			knownRegions = (
				en,
				Base,
			);
			mainGroup = 49EBAB9B29F5268C0028C802;
			packageReferences = (
				49E1AB3529F59FB80057CCE0 /* XCRemoteSwiftPackageReference "SnapKit" */,
			);
			productRefGroup = 49EBABA529F5268C0028C802 /* Products */;
			projectDirPath = "";
			projectRoot = "";
			targets = (
				49EBABA329F5268C0028C802 /* WhackAMole */,
			);
		};
/* End PBXProject section */

/* Begin PBXResourcesBuildPhase section */
		49EBABA229F5268C0028C802 /* Resources */ = {
			isa = PBXResourcesBuildPhase;
			buildActionMask = 2147483647;
			files = (
				49EBABB429F5268C0028C802 /* LaunchScreen.storyboard in Resources */,
				49EBABB129F5268C0028C802 /* Assets.xcassets in Resources */,
			);
			runOnlyForDeploymentPostprocessing = 0;
		};
/* End PBXResourcesBuildPhase section */

/* Begin PBXSourcesBuildPhase section */
		49EBABA029F5268C0028C802 /* Sources */ = {
			isa = PBXSourcesBuildPhase;
			buildActionMask = 2147483647;
			files = (
				49E1AB2F29F55B1D0057CCE0 /* AppCoordinator.swift in Sources */,
				49E1AB3129F55B8D0057CCE0 /* StartViewController.swift in Sources */,
				49EBABC229F557940028C802 /* BaseCoordinator.swift in Sources */,
				49E1AB3329F59AF30057CCE0 /* StartCoordinator.swift in Sources */,
				49E1AB4229F5B2350057CCE0 /* StartProtocols.swift in Sources */,
				49E1AB4029F5B1130057CCE0 /* StartPresenter.swift in Sources */,
				49E1AB4929F5B4760057CCE0 /* GameCoordinator.swift in Sources */,
				49EBABC029F5565A0028C802 /* Coordinator.swift in Sources */,
				49E1AB3B29F5A8100057CCE0 /* UIColor+AppColors.swift in Sources */,
				49EBABA829F5268C0028C802 /* AppDelegate.swift in Sources */,
				49E1AB4529F5B44D0057CCE0 /* GameViewController.swift in Sources */,
				49EBABAA29F5268C0028C802 /* SceneDelegate.swift in Sources */,
			);
			runOnlyForDeploymentPostprocessing = 0;
		};
/* End PBXSourcesBuildPhase section */

/* Begin PBXVariantGroup section */
		49EBABB229F5268C0028C802 /* LaunchScreen.storyboard */ = {
			isa = PBXVariantGroup;
			children = (
				49EBABB329F5268C0028C802 /* Base */,
			);
			name = LaunchScreen.storyboard;
			sourceTree = "<group>";
		};
/* End PBXVariantGroup section */

/* Begin XCBuildConfiguration section */
		49EBABB629F5268C0028C802 /* Debug */ = {
			isa = XCBuildConfiguration;
			buildSettings = {
				ALWAYS_SEARCH_USER_PATHS = NO;
				CLANG_ANALYZER_NONNULL = YES;
				CLANG_ANALYZER_NUMBER_OBJECT_CONVERSION = YES_AGGRESSIVE;
				CLANG_CXX_LANGUAGE_STANDARD = "gnu++20";
				CLANG_ENABLE_MODULES = YES;
				CLANG_ENABLE_OBJC_ARC = YES;
				CLANG_ENABLE_OBJC_WEAK = YES;
				CLANG_WARN_BLOCK_CAPTURE_AUTORELEASING = YES;
				CLANG_WARN_BOOL_CONVERSION = YES;
				CLANG_WARN_COMMA = YES;
				CLANG_WARN_CONSTANT_CONVERSION = YES;
				CLANG_WARN_DEPRECATED_OBJC_IMPLEMENTATIONS = YES;
				CLANG_WARN_DIRECT_OBJC_ISA_USAGE = YES_ERROR;
				CLANG_WARN_DOCUMENTATION_COMMENTS = YES;
				CLANG_WARN_EMPTY_BODY = YES;
				CLANG_WARN_ENUM_CONVERSION = YES;
				CLANG_WARN_INFINITE_RECURSION = YES;
				CLANG_WARN_INT_CONVERSION = YES;
				CLANG_WARN_NON_LITERAL_NULL_CONVERSION = YES;
				CLANG_WARN_OBJC_IMPLICIT_RETAIN_SELF = YES;
				CLANG_WARN_OBJC_LITERAL_CONVERSION = YES;
				CLANG_WARN_OBJC_ROOT_CLASS = YES_ERROR;
				CLANG_WARN_QUOTED_INCLUDE_IN_FRAMEWORK_HEADER = YES;
				CLANG_WARN_RANGE_LOOP_ANALYSIS = YES;
				CLANG_WARN_STRICT_PROTOTYPES = YES;
				CLANG_WARN_SUSPICIOUS_MOVE = YES;
				CLANG_WARN_UNGUARDED_AVAILABILITY = YES_AGGRESSIVE;
				CLANG_WARN_UNREACHABLE_CODE = YES;
				CLANG_WARN__DUPLICATE_METHOD_MATCH = YES;
				COPY_PHASE_STRIP = NO;
				DEBUG_INFORMATION_FORMAT = dwarf;
				ENABLE_STRICT_OBJC_MSGSEND = YES;
				ENABLE_TESTABILITY = YES;
				GCC_C_LANGUAGE_STANDARD = gnu11;
				GCC_DYNAMIC_NO_PIC = NO;
				GCC_NO_COMMON_BLOCKS = YES;
				GCC_OPTIMIZATION_LEVEL = 0;
				GCC_PREPROCESSOR_DEFINITIONS = (
					"DEBUG=1",
					"$(inherited)",
				);
				GCC_WARN_64_TO_32_BIT_CONVERSION = YES;
				GCC_WARN_ABOUT_RETURN_TYPE = YES_ERROR;
				GCC_WARN_UNDECLARED_SELECTOR = YES;
				GCC_WARN_UNINITIALIZED_AUTOS = YES_AGGRESSIVE;
				GCC_WARN_UNUSED_FUNCTION = YES;
				GCC_WARN_UNUSED_VARIABLE = YES;
				IPHONEOS_DEPLOYMENT_TARGET = 13.0;
				MTL_ENABLE_DEBUG_INFO = INCLUDE_SOURCE;
				MTL_FAST_MATH = YES;
				ONLY_ACTIVE_ARCH = YES;
				SDKROOT = iphoneos;
				SWIFT_ACTIVE_COMPILATION_CONDITIONS = DEBUG;
				SWIFT_OPTIMIZATION_LEVEL = "-Onone";
			};
			name = Debug;
		};
		49EBABB729F5268C0028C802 /* Release */ = {
			isa = XCBuildConfiguration;
			buildSettings = {
				ALWAYS_SEARCH_USER_PATHS = NO;
				CLANG_ANALYZER_NONNULL = YES;
				CLANG_ANALYZER_NUMBER_OBJECT_CONVERSION = YES_AGGRESSIVE;
				CLANG_CXX_LANGUAGE_STANDARD = "gnu++20";
				CLANG_ENABLE_MODULES = YES;
				CLANG_ENABLE_OBJC_ARC = YES;
				CLANG_ENABLE_OBJC_WEAK = YES;
				CLANG_WARN_BLOCK_CAPTURE_AUTORELEASING = YES;
				CLANG_WARN_BOOL_CONVERSION = YES;
				CLANG_WARN_COMMA = YES;
				CLANG_WARN_CONSTANT_CONVERSION = YES;
				CLANG_WARN_DEPRECATED_OBJC_IMPLEMENTATIONS = YES;
				CLANG_WARN_DIRECT_OBJC_ISA_USAGE = YES_ERROR;
				CLANG_WARN_DOCUMENTATION_COMMENTS = YES;
				CLANG_WARN_EMPTY_BODY = YES;
				CLANG_WARN_ENUM_CONVERSION = YES;
				CLANG_WARN_INFINITE_RECURSION = YES;
				CLANG_WARN_INT_CONVERSION = YES;
				CLANG_WARN_NON_LITERAL_NULL_CONVERSION = YES;
				CLANG_WARN_OBJC_IMPLICIT_RETAIN_SELF = YES;
				CLANG_WARN_OBJC_LITERAL_CONVERSION = YES;
				CLANG_WARN_OBJC_ROOT_CLASS = YES_ERROR;
				CLANG_WARN_QUOTED_INCLUDE_IN_FRAMEWORK_HEADER = YES;
				CLANG_WARN_RANGE_LOOP_ANALYSIS = YES;
				CLANG_WARN_STRICT_PROTOTYPES = YES;
				CLANG_WARN_SUSPICIOUS_MOVE = YES;
				CLANG_WARN_UNGUARDED_AVAILABILITY = YES_AGGRESSIVE;
				CLANG_WARN_UNREACHABLE_CODE = YES;
				CLANG_WARN__DUPLICATE_METHOD_MATCH = YES;
				COPY_PHASE_STRIP = NO;
				DEBUG_INFORMATION_FORMAT = "dwarf-with-dsym";
				ENABLE_NS_ASSERTIONS = NO;
				ENABLE_STRICT_OBJC_MSGSEND = YES;
				GCC_C_LANGUAGE_STANDARD = gnu11;
				GCC_NO_COMMON_BLOCKS = YES;
				GCC_WARN_64_TO_32_BIT_CONVERSION = YES;
				GCC_WARN_ABOUT_RETURN_TYPE = YES_ERROR;
				GCC_WARN_UNDECLARED_SELECTOR = YES;
				GCC_WARN_UNINITIALIZED_AUTOS = YES_AGGRESSIVE;
				GCC_WARN_UNUSED_FUNCTION = YES;
				GCC_WARN_UNUSED_VARIABLE = YES;
				IPHONEOS_DEPLOYMENT_TARGET = 13.0;
				MTL_ENABLE_DEBUG_INFO = NO;
				MTL_FAST_MATH = YES;
				SDKROOT = iphoneos;
				SWIFT_COMPILATION_MODE = wholemodule;
				SWIFT_OPTIMIZATION_LEVEL = "-O";
				VALIDATE_PRODUCT = YES;
			};
			name = Release;
		};
		49EBABB929F5268C0028C802 /* Debug */ = {
			isa = XCBuildConfiguration;
			buildSettings = {
				ASSETCATALOG_COMPILER_APPICON_NAME = AppIcon;
				ASSETCATALOG_COMPILER_GLOBAL_ACCENT_COLOR_NAME = AccentColor;
				CODE_SIGN_STYLE = Automatic;
				CURRENT_PROJECT_VERSION = 1;
				DEVELOPMENT_TEAM = 9KT4MKX52L;
				GENERATE_INFOPLIST_FILE = YES;
				INFOPLIST_FILE = WhackAMole/Info.plist;
				INFOPLIST_KEY_UIApplicationSupportsIndirectInputEvents = YES;
				INFOPLIST_KEY_UILaunchStoryboardName = LaunchScreen;
				INFOPLIST_KEY_UISupportedInterfaceOrientations = "UIInterfaceOrientationLandscapeLeft UIInterfaceOrientationLandscapeRight UIInterfaceOrientationPortrait UIInterfaceOrientationPortraitUpsideDown";
				IPHONEOS_DEPLOYMENT_TARGET = 13.0;
				LD_RUNPATH_SEARCH_PATHS = (
					"$(inherited)",
					"@executable_path/Frameworks",
				);
				MARKETING_VERSION = 1.0;
				PRODUCT_BUNDLE_IDENTIFIER = sem.WhackAMole;
				PRODUCT_NAME = "$(TARGET_NAME)";
				SWIFT_EMIT_LOC_STRINGS = YES;
				SWIFT_VERSION = 5.0;
				TARGETED_DEVICE_FAMILY = "1,2";
			};
			name = Debug;
		};
		49EBABBA29F5268C0028C802 /* Release */ = {
			isa = XCBuildConfiguration;
			buildSettings = {
				ASSETCATALOG_COMPILER_APPICON_NAME = AppIcon;
				ASSETCATALOG_COMPILER_GLOBAL_ACCENT_COLOR_NAME = AccentColor;
				CODE_SIGN_STYLE = Automatic;
				CURRENT_PROJECT_VERSION = 1;
				DEVELOPMENT_TEAM = 9KT4MKX52L;
				GENERATE_INFOPLIST_FILE = YES;
				INFOPLIST_FILE = WhackAMole/Info.plist;
				INFOPLIST_KEY_UIApplicationSupportsIndirectInputEvents = YES;
				INFOPLIST_KEY_UILaunchStoryboardName = LaunchScreen;
				INFOPLIST_KEY_UISupportedInterfaceOrientations = "UIInterfaceOrientationLandscapeLeft UIInterfaceOrientationLandscapeRight UIInterfaceOrientationPortrait UIInterfaceOrientationPortraitUpsideDown";
				IPHONEOS_DEPLOYMENT_TARGET = 13.0;
				LD_RUNPATH_SEARCH_PATHS = (
					"$(inherited)",
					"@executable_path/Frameworks",
				);
				MARKETING_VERSION = 1.0;
				PRODUCT_BUNDLE_IDENTIFIER = sem.WhackAMole;
				PRODUCT_NAME = "$(TARGET_NAME)";
				SWIFT_EMIT_LOC_STRINGS = YES;
				SWIFT_VERSION = 5.0;
				TARGETED_DEVICE_FAMILY = "1,2";
			};
			name = Release;
		};
/* End XCBuildConfiguration section */

/* Begin XCConfigurationList section */
		49EBAB9F29F5268C0028C802 /* Build configuration list for PBXProject "WhackAMole" */ = {
			isa = XCConfigurationList;
			buildConfigurations = (
				49EBABB629F5268C0028C802 /* Debug */,
				49EBABB729F5268C0028C802 /* Release */,
			);
			defaultConfigurationIsVisible = 0;
			defaultConfigurationName = Release;
		};
		49EBABB829F5268C0028C802 /* Build configuration list for PBXNativeTarget "WhackAMole" */ = {
			isa = XCConfigurationList;
			buildConfigurations = (
				49EBABB929F5268C0028C802 /* Debug */,
				49EBABBA29F5268C0028C802 /* Release */,
			);
			defaultConfigurationIsVisible = 0;
			defaultConfigurationName = Release;
		};
/* End XCConfigurationList section */

/* Begin XCRemoteSwiftPackageReference section */
		49E1AB3529F59FB80057CCE0 /* XCRemoteSwiftPackageReference "SnapKit" */ = {
			isa = XCRemoteSwiftPackageReference;
			repositoryURL = "https://github.com/SnapKit/SnapKit?ysclid=ldhh9l9d77943341286#installation";
			requirement = {
				kind = upToNextMajorVersion;
				minimumVersion = 5.0.0;
			};
		};
/* End XCRemoteSwiftPackageReference section */

/* Begin XCSwiftPackageProductDependency section */
		49E1AB3629F59FB80057CCE0 /* SnapKit */ = {
			isa = XCSwiftPackageProductDependency;
			package = 49E1AB3529F59FB80057CCE0 /* XCRemoteSwiftPackageReference "SnapKit" */;
			productName = SnapKit;
		};
/* End XCSwiftPackageProductDependency section */
	};
	rootObject = 49EBAB9C29F5268C0028C802 /* Project object */;
}
